
Microsoft Visual Studio Solution File, Format Version 12.00
# Visual Studio Version 17
VisualStudioVersion = 17.2.32516.85
MinimumVisualStudioVersion = 10.0.40219.1
Project("{FAE04EC0-301F-11D3-BF4B-00C04F79EFBC}") = "exam", "exam\exam.csproj", "{BDE9A427-AC47-48C1-8F17-4369C6E0A8EC}"
EndProject
Global
	GlobalSection(SolutionConfigurationPlatforms) = preSolution
		Debug|Any CPU = Debug|Any CPU
		Release|Any CPU = Release|Any CPU
	EndGlobalSection
	GlobalSection(ProjectConfigurationPlatforms) = postSolution
		{BDE9A427-AC47-48C1-8F17-4369C6E0A8EC}.Debug|Any CPU.ActiveCfg = Debug|Any CPU
		{BDE9A427-AC47-48C1-8F17-4369C6E0A8EC}.Debug|Any CPU.Build.0 = Debug|Any CPU
		{BDE9A427-AC47-48C1-8F17-4369C6E0A8EC}.Release|Any CPU.ActiveCfg = Release|Any CPU
		{BDE9A427-AC47-48C1-8F17-4369C6E0A8EC}.Release|Any CPU.Build.0 = Release|Any CPU
	EndGlobalSection
	GlobalSection(SolutionProperties) = preSolution
		HideSolutionNode = FALSE
	EndGlobalSection
	GlobalSection(ExtensibilityGlobals) = postSolution
		SolutionGuid = {20696204-407D-43C2-9765-82B53B87134A}
	EndGlobalSection
EndGlobal
